
Microsoft Visual Studio Solution File, Format Version 12.00
# Visual Studio Version 17
VisualStudioVersion = 17.5.002.0
MinimumVisualStudioVersion = 10.0.40219.1
Project("{2150E333-8FDC-42A3-9474-1A3956D46DE8}") = "week03", "week03", "{FE2FD997-A289-490F-8B33-AD5871CC8036}"
EndProject
Project("{9A19103F-16F7-4668-BE54-9A1E7A4F7556}") = "teach", "week03\teach\teach.csproj", "{9473578E-4119-45CD-B0F7-C7C0E892703C}"
EndProject
Project("{9A19103F-16F7-4668-BE54-9A1E7A4F7556}") = "learn", "week03\learn\learn.csproj", "{8E9BD212-E4B4-4BDA-801B-FDCC72EE8E72}"
EndProject
Project("{9A19103F-16F7-4668-BE54-9A1E7A4F7556}") = "code", "week03\code\code.csproj", "{0BB10E3C-F3E9-41D8-978C-358080D6155D}"
EndProject
Project("{2150E333-8FDC-42A3-9474-1A3956D46DE8}") = "week01", "week01", "{D24F1CD8-C59C-407C-9188-4A57FBA440ED}"
EndProject
Project("{9A19103F-16F7-4668-BE54-9A1E7A4F7556}") = "teach", "week01\teach\teach.csproj", "{FF505150-801F-4A39-A844-5C38B7C7454E}"
EndProject
Project("{9A19103F-16F7-4668-BE54-9A1E7A4F7556}") = "analyze", "week01\analyze\analyze.csproj", "{884E202F-FD2D-4B5F-942D-D972EA5846BF}"
EndProject
Project("{9A19103F-16F7-4668-BE54-9A1E7A4F7556}") = "code", "week01\code\code.csproj", "{B4AE1997-CBE7-404C-9229-86747D24809B}"
EndProject
Project("{2150E333-8FDC-42A3-9474-1A3956D46DE8}") = "week06", "week06", "{7A3FED2B-B81E-448B-8E98-8480886E79D8}"
EndProject
Project("{9A19103F-16F7-4668-BE54-9A1E7A4F7556}") = "code", "week06\code\code.csproj", "{A8C84929-7661-4DFB-AC62-534E2D690D94}"
EndProject
Project("{2150E333-8FDC-42A3-9474-1A3956D46DE8}") = "sandbox", "sandbox", "{D77DC4AE-A00D-4CA4-8B5E-B4E4CDBB7151}"
EndProject
Project("{9A19103F-16F7-4668-BE54-9A1E7A4F7556}") = "sandbox_project", "sandbox\sandbox_project\sandbox_project.csproj", "{E6F5024C-9DBF-4B31-9592-A830BBFDBB7F}"
EndProject
Project("{2150E333-8FDC-42A3-9474-1A3956D46DE8}") = "week04", "week04", "{F4D3674A-A442-413E-A712-EA59923E19C5}"
EndProject
Project("{9A19103F-16F7-4668-BE54-9A1E7A4F7556}") = "code", "week04\code\code.csproj", "{2748F534-CC0E-41BB-800A-D57690743B06}"
EndProject
Project("{2150E333-8FDC-42A3-9474-1A3956D46DE8}") = "week05", "week05", "{FE2EEE13-482D-48EF-AA67-5A567C57E39F}"
EndProject
Project("{9A19103F-16F7-4668-BE54-9A1E7A4F7556}") = "code", "week05\code\code.csproj", "{A3B809B7-8952-4342-A70B-3C85FEA3A897}"
EndProject
Project("{2150E333-8FDC-42A3-9474-1A3956D46DE8}") = "week02", "week02", "{A1882E87-CF49-4691-A0DA-385AB115FCC9}"
EndProject
Project("{9A19103F-16F7-4668-BE54-9A1E7A4F7556}") = "teach", "week02\teach\teach.csproj", "{83BC1A85-5BEC-4279-BD0F-9A59C89427CA}"
EndProject
Project("{9A19103F-16F7-4668-BE54-9A1E7A4F7556}") = "learn", "week02\learn\learn.csproj", "{6A0CFA9F-3FBB-4B7E-811B-F2B61A066F7F}"
EndProject
Project("{9A19103F-16F7-4668-BE54-9A1E7A4F7556}") = "analyze", "week02\analyze\analyze.csproj", "{CB85FC49-3A64-4087-81F9-701EC4FDFA03}"
EndProject
Project("{9A19103F-16F7-4668-BE54-9A1E7A4F7556}") = "code", "week02\code\code.csproj", "{F4C38973-52DD-49D7-A3F0-7FF9C8C5815D}"
EndProject
Global
	GlobalSection(SolutionConfigurationPlatforms) = preSolution
		Debug|Any CPU = Debug|Any CPU
		Release|Any CPU = Release|Any CPU
	EndGlobalSection
	GlobalSection(ProjectConfigurationPlatforms) = postSolution
		{9473578E-4119-45CD-B0F7-C7C0E892703C}.Debug|Any CPU.ActiveCfg = Debug|Any CPU
		{9473578E-4119-45CD-B0F7-C7C0E892703C}.Debug|Any CPU.Build.0 = Debug|Any CPU
		{9473578E-4119-45CD-B0F7-C7C0E892703C}.Release|Any CPU.ActiveCfg = Release|Any CPU
		{9473578E-4119-45CD-B0F7-C7C0E892703C}.Release|Any CPU.Build.0 = Release|Any CPU
		{8E9BD212-E4B4-4BDA-801B-FDCC72EE8E72}.Debug|Any CPU.ActiveCfg = Debug|Any CPU
		{8E9BD212-E4B4-4BDA-801B-FDCC72EE8E72}.Debug|Any CPU.Build.0 = Debug|Any CPU
		{8E9BD212-E4B4-4BDA-801B-FDCC72EE8E72}.Release|Any CPU.ActiveCfg = Release|Any CPU
		{8E9BD212-E4B4-4BDA-801B-FDCC72EE8E72}.Release|Any CPU.Build.0 = Release|Any CPU
		{0BB10E3C-F3E9-41D8-978C-358080D6155D}.Debug|Any CPU.ActiveCfg = Debug|Any CPU
		{0BB10E3C-F3E9-41D8-978C-358080D6155D}.Debug|Any CPU.Build.0 = Debug|Any CPU
		{0BB10E3C-F3E9-41D8-978C-358080D6155D}.Release|Any CPU.ActiveCfg = Release|Any CPU
		{0BB10E3C-F3E9-41D8-978C-358080D6155D}.Release|Any CPU.Build.0 = Release|Any CPU
		{FF505150-801F-4A39-A844-5C38B7C7454E}.Debug|Any CPU.ActiveCfg = Debug|Any CPU
		{FF505150-801F-4A39-A844-5C38B7C7454E}.Debug|Any CPU.Build.0 = Debug|Any CPU
		{FF505150-801F-4A39-A844-5C38B7C7454E}.Release|Any CPU.ActiveCfg = Release|Any CPU
		{FF505150-801F-4A39-A844-5C38B7C7454E}.Release|Any CPU.Build.0 = Release|Any CPU
		{884E202F-FD2D-4B5F-942D-D972EA5846BF}.Debug|Any CPU.ActiveCfg = Debug|Any CPU
		{884E202F-FD2D-4B5F-942D-D972EA5846BF}.Debug|Any CPU.Build.0 = Debug|Any CPU
		{884E202F-FD2D-4B5F-942D-D972EA5846BF}.Release|Any CPU.ActiveCfg = Release|Any CPU
		{884E202F-FD2D-4B5F-942D-D972EA5846BF}.Release|Any CPU.Build.0 = Release|Any CPU
		{B4AE1997-CBE7-404C-9229-86747D24809B}.Debug|Any CPU.ActiveCfg = Debug|Any CPU
		{B4AE1997-CBE7-404C-9229-86747D24809B}.Debug|Any CPU.Build.0 = Debug|Any CPU
		{B4AE1997-CBE7-404C-9229-86747D24809B}.Release|Any CPU.ActiveCfg = Release|Any CPU
		{B4AE1997-CBE7-404C-9229-86747D24809B}.Release|Any CPU.Build.0 = Release|Any CPU
		{A8C84929-7661-4DFB-AC62-534E2D690D94}.Debug|Any CPU.ActiveCfg = Debug|Any CPU
		{A8C84929-7661-4DFB-AC62-534E2D690D94}.Debug|Any CPU.Build.0 = Debug|Any CPU
		{A8C84929-7661-4DFB-AC62-534E2D690D94}.Release|Any CPU.ActiveCfg = Release|Any CPU
		{A8C84929-7661-4DFB-AC62-534E2D690D94}.Release|Any CPU.Build.0 = Release|Any CPU
		{E6F5024C-9DBF-4B31-9592-A830BBFDBB7F}.Debug|Any CPU.ActiveCfg = Debug|Any CPU
		{E6F5024C-9DBF-4B31-9592-A830BBFDBB7F}.Debug|Any CPU.Build.0 = Debug|Any CPU
		{E6F5024C-9DBF-4B31-9592-A830BBFDBB7F}.Release|Any CPU.ActiveCfg = Release|Any CPU
		{E6F5024C-9DBF-4B31-9592-A830BBFDBB7F}.Release|Any CPU.Build.0 = Release|Any CPU
		{2748F534-CC0E-41BB-800A-D57690743B06}.Debug|Any CPU.ActiveCfg = Debug|Any CPU
		{2748F534-CC0E-41BB-800A-D57690743B06}.Debug|Any CPU.Build.0 = Debug|Any CPU
		{2748F534-CC0E-41BB-800A-D57690743B06}.Release|Any CPU.ActiveCfg = Release|Any CPU
		{2748F534-CC0E-41BB-800A-D57690743B06}.Release|Any CPU.Build.0 = Release|Any CPU
		{A3B809B7-8952-4342-A70B-3C85FEA3A897}.Debug|Any CPU.ActiveCfg = Debug|Any CPU
		{A3B809B7-8952-4342-A70B-3C85FEA3A897}.Debug|Any CPU.Build.0 = Debug|Any CPU
		{A3B809B7-8952-4342-A70B-3C85FEA3A897}.Release|Any CPU.ActiveCfg = Release|Any CPU
		{A3B809B7-8952-4342-A70B-3C85FEA3A897}.Release|Any CPU.Build.0 = Release|Any CPU
		{83BC1A85-5BEC-4279-BD0F-9A59C89427CA}.Debug|Any CPU.ActiveCfg = Debug|Any CPU
		{83BC1A85-5BEC-4279-BD0F-9A59C89427CA}.Debug|Any CPU.Build.0 = Debug|Any CPU
		{83BC1A85-5BEC-4279-BD0F-9A59C89427CA}.Release|Any CPU.ActiveCfg = Release|Any CPU
		{83BC1A85-5BEC-4279-BD0F-9A59C89427CA}.Release|Any CPU.Build.0 = Release|Any CPU
		{6A0CFA9F-3FBB-4B7E-811B-F2B61A066F7F}.Debug|Any CPU.ActiveCfg = Debug|Any CPU
		{6A0CFA9F-3FBB-4B7E-811B-F2B61A066F7F}.Debug|Any CPU.Build.0 = Debug|Any CPU
		{6A0CFA9F-3FBB-4B7E-811B-F2B61A066F7F}.Release|Any CPU.ActiveCfg = Release|Any CPU
		{6A0CFA9F-3FBB-4B7E-811B-F2B61A066F7F}.Release|Any CPU.Build.0 = Release|Any CPU
		{CB85FC49-3A64-4087-81F9-701EC4FDFA03}.Debug|Any CPU.ActiveCfg = Debug|Any CPU
		{CB85FC49-3A64-4087-81F9-701EC4FDFA03}.Debug|Any CPU.Build.0 = Debug|Any CPU
		{CB85FC49-3A64-4087-81F9-701EC4FDFA03}.Release|Any CPU.ActiveCfg = Release|Any CPU
		{CB85FC49-3A64-4087-81F9-701EC4FDFA03}.Release|Any CPU.Build.0 = Release|Any CPU
		{F4C38973-52DD-49D7-A3F0-7FF9C8C5815D}.Debug|Any CPU.ActiveCfg = Debug|Any CPU
		{F4C38973-52DD-49D7-A3F0-7FF9C8C5815D}.Debug|Any CPU.Build.0 = Debug|Any CPU
		{F4C38973-52DD-49D7-A3F0-7FF9C8C5815D}.Release|Any CPU.ActiveCfg = Release|Any CPU
		{F4C38973-52DD-49D7-A3F0-7FF9C8C5815D}.Release|Any CPU.Build.0 = Release|Any CPU
	EndGlobalSection
	GlobalSection(SolutionProperties) = preSolution
		HideSolutionNode = FALSE
	EndGlobalSection
	GlobalSection(NestedProjects) = preSolution
		{9473578E-4119-45CD-B0F7-C7C0E892703C} = {FE2FD997-A289-490F-8B33-AD5871CC8036}
		{8E9BD212-E4B4-4BDA-801B-FDCC72EE8E72} = {FE2FD997-A289-490F-8B33-AD5871CC8036}
		{0BB10E3C-F3E9-41D8-978C-358080D6155D} = {FE2FD997-A289-490F-8B33-AD5871CC8036}
		{FF505150-801F-4A39-A844-5C38B7C7454E} = {D24F1CD8-C59C-407C-9188-4A57FBA440ED}
		{884E202F-FD2D-4B5F-942D-D972EA5846BF} = {D24F1CD8-C59C-407C-9188-4A57FBA440ED}
		{B4AE1997-CBE7-404C-9229-86747D24809B} = {D24F1CD8-C59C-407C-9188-4A57FBA440ED}
		{A8C84929-7661-4DFB-AC62-534E2D690D94} = {7A3FED2B-B81E-448B-8E98-8480886E79D8}
		{E6F5024C-9DBF-4B31-9592-A830BBFDBB7F} = {D77DC4AE-A00D-4CA4-8B5E-B4E4CDBB7151}
		{2748F534-CC0E-41BB-800A-D57690743B06} = {F4D3674A-A442-413E-A712-EA59923E19C5}
		{A3B809B7-8952-4342-A70B-3C85FEA3A897} = {FE2EEE13-482D-48EF-AA67-5A567C57E39F}
		{83BC1A85-5BEC-4279-BD0F-9A59C89427CA} = {A1882E87-CF49-4691-A0DA-385AB115FCC9}
		{6A0CFA9F-3FBB-4B7E-811B-F2B61A066F7F} = {A1882E87-CF49-4691-A0DA-385AB115FCC9}
		{CB85FC49-3A64-4087-81F9-701EC4FDFA03} = {A1882E87-CF49-4691-A0DA-385AB115FCC9}
		{F4C38973-52DD-49D7-A3F0-7FF9C8C5815D} = {A1882E87-CF49-4691-A0DA-385AB115FCC9}
	EndGlobalSection
	GlobalSection(ExtensibilityGlobals) = postSolution
		SolutionGuid = {932A5DF6-5B11-4F1A-AB68-068EADADBAF4}
	EndGlobalSection
EndGlobal
